
Microsoft Visual Studio Solution File, Format Version 12.00
# Visual Studio Version 16
VisualStudioVersion = 16.0.31321.278
MinimumVisualStudioVersion = 10.0.40219.1
Project("{FAE04EC0-301F-11D3-BF4B-00C04F79EFBC}") = "todo", "todo.csproj", "{A3485BF5-2930-4F57-8E67-02D2C4A69BF2}"
EndProject
Global
	GlobalSection(SolutionConfigurationPlatforms) = preSolution
		Debug|Any CPU = Debug|Any CPU
		Release|Any CPU = Release|Any CPU
	EndGlobalSection
	GlobalSection(ProjectConfigurationPlatforms) = postSolution
		{A3485BF5-2930-4F57-8E67-02D2C4A69BF2}.Debug|Any CPU.ActiveCfg = Debug|Any CPU
		{A3485BF5-2930-4F57-8E67-02D2C4A69BF2}.Debug|Any CPU.Build.0 = Debug|Any CPU
		{A3485BF5-2930-4F57-8E67-02D2C4A69BF2}.Release|Any CPU.ActiveCfg = Release|Any CPU
		{A3485BF5-2930-4F57-8E67-02D2C4A69BF2}.Release|Any CPU.Build.0 = Release|Any CPU
	EndGlobalSection
	GlobalSection(SolutionProperties) = preSolution
		HideSolutionNode = FALSE
	EndGlobalSection
	GlobalSection(ExtensibilityGlobals) = postSolution
		SolutionGuid = {C04D6FAB-08D0-472C-B9A2-8FE092D6AFE2}
	EndGlobalSection
EndGlobal
